
Microsoft Visual Studio Solution File, Format Version 12.00
# Visual Studio Version 17
VisualStudioVersion = 17.7.34024.191
MinimumVisualStudioVersion = 10.0.40219.1
Project("{FAE04EC0-301F-11D3-BF4B-00C04F79EFBC}") = "LArgestOf ThreeNumbers", "LArgestOf ThreeNumbers.csproj", "{FA66F8D0-F72B-4B90-8E4A-13BA3F9B4FFB}"
EndProject
Global
	GlobalSection(SolutionConfigurationPlatforms) = preSolution
		Debug|Any CPU = Debug|Any CPU
		Release|Any CPU = Release|Any CPU
	EndGlobalSection
	GlobalSection(ProjectConfigurationPlatforms) = postSolution
		{FA66F8D0-F72B-4B90-8E4A-13BA3F9B4FFB}.Debug|Any CPU.ActiveCfg = Debug|Any CPU
		{FA66F8D0-F72B-4B90-8E4A-13BA3F9B4FFB}.Debug|Any CPU.Build.0 = Debug|Any CPU
		{FA66F8D0-F72B-4B90-8E4A-13BA3F9B4FFB}.Release|Any CPU.ActiveCfg = Release|Any CPU
		{FA66F8D0-F72B-4B90-8E4A-13BA3F9B4FFB}.Release|Any CPU.Build.0 = Release|Any CPU
	EndGlobalSection
	GlobalSection(SolutionProperties) = preSolution
		HideSolutionNode = FALSE
	EndGlobalSection
	GlobalSection(ExtensibilityGlobals) = postSolution
		SolutionGuid = {473DE105-9CF2-4BF2-94E1-195CC950A2A2}
	EndGlobalSection
EndGlobal
