
Microsoft Visual Studio Solution File, Format Version 12.00
# Visual Studio Version 17
VisualStudioVersion = 17.7.34031.279
MinimumVisualStudioVersion = 10.0.40219.1
Project("{FAE04EC0-301F-11D3-BF4B-00C04F79EFBC}") = "ExtensionMethodsExample", "ExtensionMethodsExample\ExtensionMethodsExample.csproj", "{2ABF664E-23BE-40F9-A169-DDF1CD8BCCA9}"
EndProject
Project("{FAE04EC0-301F-11D3-BF4B-00C04F79EFBC}") = "ClassLibrary1", "ClassLibrary1\ClassLibrary1.csproj", "{87B48B0C-2495-4FC0-A78E-962E6A23B298}"
EndProject
Global
	GlobalSection(SolutionConfigurationPlatforms) = preSolution
		Debug|Any CPU = Debug|Any CPU
		Release|Any CPU = Release|Any CPU
	EndGlobalSection
	GlobalSection(ProjectConfigurationPlatforms) = postSolution
		{2ABF664E-23BE-40F9-A169-DDF1CD8BCCA9}.Debug|Any CPU.ActiveCfg = Debug|Any CPU
		{2ABF664E-23BE-40F9-A169-DDF1CD8BCCA9}.Debug|Any CPU.Build.0 = Debug|Any CPU
		{2ABF664E-23BE-40F9-A169-DDF1CD8BCCA9}.Release|Any CPU.ActiveCfg = Release|Any CPU
		{2ABF664E-23BE-40F9-A169-DDF1CD8BCCA9}.Release|Any CPU.Build.0 = Release|Any CPU
		{87B48B0C-2495-4FC0-A78E-962E6A23B298}.Debug|Any CPU.ActiveCfg = Debug|Any CPU
		{87B48B0C-2495-4FC0-A78E-962E6A23B298}.Debug|Any CPU.Build.0 = Debug|Any CPU
		{87B48B0C-2495-4FC0-A78E-962E6A23B298}.Release|Any CPU.ActiveCfg = Release|Any CPU
		{87B48B0C-2495-4FC0-A78E-962E6A23B298}.Release|Any CPU.Build.0 = Release|Any CPU
	EndGlobalSection
	GlobalSection(SolutionProperties) = preSolution
		HideSolutionNode = FALSE
	EndGlobalSection
	GlobalSection(ExtensibilityGlobals) = postSolution
		SolutionGuid = {4BA0172B-15C4-475E-B923-1BF8C5294839}
	EndGlobalSection
EndGlobal
