
Microsoft Visual Studio Solution File, Format Version 12.00
# Visual Studio Version 17
VisualStudioVersion = 17.7.34031.279
MinimumVisualStudioVersion = 10.0.40219.1
Project("{FAE04EC0-301F-11D3-BF4B-00C04F79EFBC}") = "PaternPrinting", "PaternPrinting.csproj", "{1DB0B10C-E5CF-408C-BE3A-5F42106E2910}"
EndProject
Global
	GlobalSection(SolutionConfigurationPlatforms) = preSolution
		Debug|Any CPU = Debug|Any CPU
		Release|Any CPU = Release|Any CPU
	EndGlobalSection
	GlobalSection(ProjectConfigurationPlatforms) = postSolution
		{1DB0B10C-E5CF-408C-BE3A-5F42106E2910}.Debug|Any CPU.ActiveCfg = Debug|Any CPU
		{1DB0B10C-E5CF-408C-BE3A-5F42106E2910}.Debug|Any CPU.Build.0 = Debug|Any CPU
		{1DB0B10C-E5CF-408C-BE3A-5F42106E2910}.Release|Any CPU.ActiveCfg = Release|Any CPU
		{1DB0B10C-E5CF-408C-BE3A-5F42106E2910}.Release|Any CPU.Build.0 = Release|Any CPU
	EndGlobalSection
	GlobalSection(SolutionProperties) = preSolution
		HideSolutionNode = FALSE
	EndGlobalSection
	GlobalSection(ExtensibilityGlobals) = postSolution
		SolutionGuid = {34F6A406-D8EB-4C14-94AA-BD6D9675160A}
	EndGlobalSection
EndGlobal
