
Microsoft Visual Studio Solution File, Format Version 12.00
# Visual Studio Version 17
VisualStudioVersion = 17.7.34031.279
MinimumVisualStudioVersion = 10.0.40219.1
Project("{FAE04EC0-301F-11D3-BF4B-00C04F79EFBC}") = "ListExample", "ListExample\ListExample.csproj", "{4EB98263-80C6-4E3B-ABCB-F08804E75F96}"
EndProject
Global
	GlobalSection(SolutionConfigurationPlatforms) = preSolution
		Debug|Any CPU = Debug|Any CPU
		Release|Any CPU = Release|Any CPU
	EndGlobalSection
	GlobalSection(ProjectConfigurationPlatforms) = postSolution
		{4EB98263-80C6-4E3B-ABCB-F08804E75F96}.Debug|Any CPU.ActiveCfg = Debug|Any CPU
		{4EB98263-80C6-4E3B-ABCB-F08804E75F96}.Debug|Any CPU.Build.0 = Debug|Any CPU
		{4EB98263-80C6-4E3B-ABCB-F08804E75F96}.Release|Any CPU.ActiveCfg = Release|Any CPU
		{4EB98263-80C6-4E3B-ABCB-F08804E75F96}.Release|Any CPU.Build.0 = Release|Any CPU
	EndGlobalSection
	GlobalSection(SolutionProperties) = preSolution
		HideSolutionNode = FALSE
	EndGlobalSection
	GlobalSection(ExtensibilityGlobals) = postSolution
		SolutionGuid = {F23B4CFF-755C-429D-9943-C1330C5764A2}
	EndGlobalSection
EndGlobal
