
Microsoft Visual Studio Solution File, Format Version 12.00
# Visual Studio Version 17
VisualStudioVersion = 17.8.34511.84
MinimumVisualStudioVersion = 10.0.40219.1
Project("{FAE04EC0-301F-11D3-BF4B-00C04F79EFBC}") = "Assigment17_MedicalBotWithFieldsAndMethods", "Assigment17_MedicalBotWithFieldsAndMethods\Assigment17_MedicalBotWithFieldsAndMethods.csproj", "{D77B8420-0D33-4A65-BBFA-2BABD78F478F}"
EndProject
Global
	GlobalSection(SolutionConfigurationPlatforms) = preSolution
		Debug|Any CPU = Debug|Any CPU
		Release|Any CPU = Release|Any CPU
	EndGlobalSection
	GlobalSection(ProjectConfigurationPlatforms) = postSolution
		{D77B8420-0D33-4A65-BBFA-2BABD78F478F}.Debug|Any CPU.ActiveCfg = Debug|Any CPU
		{D77B8420-0D33-4A65-BBFA-2BABD78F478F}.Debug|Any CPU.Build.0 = Debug|Any CPU
		{D77B8420-0D33-4A65-BBFA-2BABD78F478F}.Release|Any CPU.ActiveCfg = Release|Any CPU
		{D77B8420-0D33-4A65-BBFA-2BABD78F478F}.Release|Any CPU.Build.0 = Release|Any CPU
	EndGlobalSection
	GlobalSection(SolutionProperties) = preSolution
		HideSolutionNode = FALSE
	EndGlobalSection
	GlobalSection(ExtensibilityGlobals) = postSolution
		SolutionGuid = {DBF2C42A-8010-41BF-95A5-D2C2DBA56CE7}
	EndGlobalSection
EndGlobal
