
Microsoft Visual Studio Solution File, Format Version 12.00
# Visual Studio Version 17
VisualStudioVersion = 17.9.34723.18
MinimumVisualStudioVersion = 10.0.40219.1
Project("{FAE04EC0-301F-11D3-BF4B-00C04F79EFBC}") = "FirstExample", "FirstExample\FirstExample.csproj", "{D21B2788-E80F-46ED-A1A8-04E88E8D42CE}"
EndProject
Global
	GlobalSection(SolutionConfigurationPlatforms) = preSolution
		Debug|Any CPU = Debug|Any CPU
		Release|Any CPU = Release|Any CPU
	EndGlobalSection
	GlobalSection(ProjectConfigurationPlatforms) = postSolution
		{D21B2788-E80F-46ED-A1A8-04E88E8D42CE}.Debug|Any CPU.ActiveCfg = Debug|Any CPU
		{D21B2788-E80F-46ED-A1A8-04E88E8D42CE}.Debug|Any CPU.Build.0 = Debug|Any CPU
		{D21B2788-E80F-46ED-A1A8-04E88E8D42CE}.Release|Any CPU.ActiveCfg = Release|Any CPU
		{D21B2788-E80F-46ED-A1A8-04E88E8D42CE}.Release|Any CPU.Build.0 = Release|Any CPU
	EndGlobalSection
	GlobalSection(SolutionProperties) = preSolution
		HideSolutionNode = FALSE
	EndGlobalSection
	GlobalSection(ExtensibilityGlobals) = postSolution
		SolutionGuid = {BEA9B907-76B3-4BE7-8BB2-BFE2BC7325A1}
	EndGlobalSection
EndGlobal
