
Microsoft Visual Studio Solution File, Format Version 12.00
# Visual Studio Version 17
VisualStudioVersion = 17.7.34031.279
MinimumVisualStudioVersion = 10.0.40219.1
Project("{FAE04EC0-301F-11D3-BF4B-00C04F79EFBC}") = "InnerClassesExample", "InnerClassesExample\InnerClassesExample.csproj", "{2891DF7A-1841-469D-A9B8-EA55406F82EA}"
EndProject
Project("{FAE04EC0-301F-11D3-BF4B-00C04F79EFBC}") = "ClassLibrary1", "ClassLibrary1\ClassLibrary1.csproj", "{B275CAB2-64D5-4988-A3BE-B36825D1D9F2}"
EndProject
Global
	GlobalSection(SolutionConfigurationPlatforms) = preSolution
		Debug|Any CPU = Debug|Any CPU
		Release|Any CPU = Release|Any CPU
	EndGlobalSection
	GlobalSection(ProjectConfigurationPlatforms) = postSolution
		{2891DF7A-1841-469D-A9B8-EA55406F82EA}.Debug|Any CPU.ActiveCfg = Debug|Any CPU
		{2891DF7A-1841-469D-A9B8-EA55406F82EA}.Debug|Any CPU.Build.0 = Debug|Any CPU
		{2891DF7A-1841-469D-A9B8-EA55406F82EA}.Release|Any CPU.ActiveCfg = Release|Any CPU
		{2891DF7A-1841-469D-A9B8-EA55406F82EA}.Release|Any CPU.Build.0 = Release|Any CPU
		{B275CAB2-64D5-4988-A3BE-B36825D1D9F2}.Debug|Any CPU.ActiveCfg = Debug|Any CPU
		{B275CAB2-64D5-4988-A3BE-B36825D1D9F2}.Debug|Any CPU.Build.0 = Debug|Any CPU
		{B275CAB2-64D5-4988-A3BE-B36825D1D9F2}.Release|Any CPU.ActiveCfg = Release|Any CPU
		{B275CAB2-64D5-4988-A3BE-B36825D1D9F2}.Release|Any CPU.Build.0 = Release|Any CPU
	EndGlobalSection
	GlobalSection(SolutionProperties) = preSolution
		HideSolutionNode = FALSE
	EndGlobalSection
	GlobalSection(ExtensibilityGlobals) = postSolution
		SolutionGuid = {3AF7FF4B-ECE3-4073-9F3E-778C93D19A24}
	EndGlobalSection
EndGlobal
