
Microsoft Visual Studio Solution File, Format Version 12.00
# Visual Studio Version 17
VisualStudioVersion = 17.7.34031.279
MinimumVisualStudioVersion = 10.0.40219.1
Project("{FAE04EC0-301F-11D3-BF4B-00C04F79EFBC}") = "Assigment24_ATM_PIN_Validation", "Assigment24_ATM_PIN_Validation\Assigment24_ATM_PIN_Validation.csproj", "{6075FC27-C14C-46D3-A2D9-DBF5BDCB61B0}"
EndProject
Global
	GlobalSection(SolutionConfigurationPlatforms) = preSolution
		Debug|Any CPU = Debug|Any CPU
		Release|Any CPU = Release|Any CPU
	EndGlobalSection
	GlobalSection(ProjectConfigurationPlatforms) = postSolution
		{6075FC27-C14C-46D3-A2D9-DBF5BDCB61B0}.Debug|Any CPU.ActiveCfg = Debug|Any CPU
		{6075FC27-C14C-46D3-A2D9-DBF5BDCB61B0}.Debug|Any CPU.Build.0 = Debug|Any CPU
		{6075FC27-C14C-46D3-A2D9-DBF5BDCB61B0}.Release|Any CPU.ActiveCfg = Release|Any CPU
		{6075FC27-C14C-46D3-A2D9-DBF5BDCB61B0}.Release|Any CPU.Build.0 = Release|Any CPU
	EndGlobalSection
	GlobalSection(SolutionProperties) = preSolution
		HideSolutionNode = FALSE
	EndGlobalSection
	GlobalSection(ExtensibilityGlobals) = postSolution
		SolutionGuid = {4C27552C-80BD-4D79-8A48-B9E8B65B6C06}
	EndGlobalSection
EndGlobal
