
Microsoft Visual Studio Solution File, Format Version 12.00
# Visual Studio Version 17
VisualStudioVersion = 17.8.34511.84
MinimumVisualStudioVersion = 10.0.40219.1
Project("{FAE04EC0-301F-11D3-BF4B-00C04F79EFBC}") = "Assignment44_CustomGenericClassesAndGenericsMethods", "Assignment44_CustomGenericClassesAndGenericsMethods\Assignment44_CustomGenericClassesAndGenericsMethods.csproj", "{1FD80CF0-E690-4133-BFFB-F3AE082BEC03}"
EndProject
Global
	GlobalSection(SolutionConfigurationPlatforms) = preSolution
		Debug|Any CPU = Debug|Any CPU
		Release|Any CPU = Release|Any CPU
	EndGlobalSection
	GlobalSection(ProjectConfigurationPlatforms) = postSolution
		{1FD80CF0-E690-4133-BFFB-F3AE082BEC03}.Debug|Any CPU.ActiveCfg = Debug|Any CPU
		{1FD80CF0-E690-4133-BFFB-F3AE082BEC03}.Debug|Any CPU.Build.0 = Debug|Any CPU
		{1FD80CF0-E690-4133-BFFB-F3AE082BEC03}.Release|Any CPU.ActiveCfg = Release|Any CPU
		{1FD80CF0-E690-4133-BFFB-F3AE082BEC03}.Release|Any CPU.Build.0 = Release|Any CPU
	EndGlobalSection
	GlobalSection(SolutionProperties) = preSolution
		HideSolutionNode = FALSE
	EndGlobalSection
	GlobalSection(ExtensibilityGlobals) = postSolution
		SolutionGuid = {D17E2C12-A7C2-4DFE-B9E8-26D732FDDD88}
	EndGlobalSection
EndGlobal
