
Microsoft Visual Studio Solution File, Format Version 12.00
# Visual Studio Version 17
VisualStudioVersion = 17.7.34031.279
MinimumVisualStudioVersion = 10.0.40219.1
Project("{FAE04EC0-301F-11D3-BF4B-00C04F79EFBC}") = "PatternMatchingExample", "PatternMatchingExample\PatternMatchingExample.csproj", "{C6E0CF00-5B1B-4E7A-AFB6-8EA717571A70}"
EndProject
Project("{FAE04EC0-301F-11D3-BF4B-00C04F79EFBC}") = "ClassLibrary1", "ClassLibrary1\ClassLibrary1.csproj", "{47F4981A-A8E2-48E0-8CC0-C411FC1591E8}"
EndProject
Global
	GlobalSection(SolutionConfigurationPlatforms) = preSolution
		Debug|Any CPU = Debug|Any CPU
		Release|Any CPU = Release|Any CPU
	EndGlobalSection
	GlobalSection(ProjectConfigurationPlatforms) = postSolution
		{C6E0CF00-5B1B-4E7A-AFB6-8EA717571A70}.Debug|Any CPU.ActiveCfg = Debug|Any CPU
		{C6E0CF00-5B1B-4E7A-AFB6-8EA717571A70}.Debug|Any CPU.Build.0 = Debug|Any CPU
		{C6E0CF00-5B1B-4E7A-AFB6-8EA717571A70}.Release|Any CPU.ActiveCfg = Release|Any CPU
		{C6E0CF00-5B1B-4E7A-AFB6-8EA717571A70}.Release|Any CPU.Build.0 = Release|Any CPU
		{47F4981A-A8E2-48E0-8CC0-C411FC1591E8}.Debug|Any CPU.ActiveCfg = Debug|Any CPU
		{47F4981A-A8E2-48E0-8CC0-C411FC1591E8}.Debug|Any CPU.Build.0 = Debug|Any CPU
		{47F4981A-A8E2-48E0-8CC0-C411FC1591E8}.Release|Any CPU.ActiveCfg = Release|Any CPU
		{47F4981A-A8E2-48E0-8CC0-C411FC1591E8}.Release|Any CPU.Build.0 = Release|Any CPU
	EndGlobalSection
	GlobalSection(SolutionProperties) = preSolution
		HideSolutionNode = FALSE
	EndGlobalSection
	GlobalSection(ExtensibilityGlobals) = postSolution
		SolutionGuid = {0365DB4E-0F4F-4C71-BFDE-B692EA318462}
	EndGlobalSection
EndGlobal
