
Microsoft Visual Studio Solution File, Format Version 12.00
# Visual Studio Version 17
VisualStudioVersion = 17.7.34031.279
MinimumVisualStudioVersion = 10.0.40219.1
Project("{FAE04EC0-301F-11D3-BF4B-00C04F79EFBC}") = "ArrayExample", "ArrayExample\ArrayExample.csproj", "{5290585A-627B-464B-8972-6ADC979342EB}"
EndProject
Global
	GlobalSection(SolutionConfigurationPlatforms) = preSolution
		Debug|Any CPU = Debug|Any CPU
		Release|Any CPU = Release|Any CPU
	EndGlobalSection
	GlobalSection(ProjectConfigurationPlatforms) = postSolution
		{5290585A-627B-464B-8972-6ADC979342EB}.Debug|Any CPU.ActiveCfg = Debug|Any CPU
		{5290585A-627B-464B-8972-6ADC979342EB}.Debug|Any CPU.Build.0 = Debug|Any CPU
		{5290585A-627B-464B-8972-6ADC979342EB}.Release|Any CPU.ActiveCfg = Release|Any CPU
		{5290585A-627B-464B-8972-6ADC979342EB}.Release|Any CPU.Build.0 = Release|Any CPU
	EndGlobalSection
	GlobalSection(SolutionProperties) = preSolution
		HideSolutionNode = FALSE
	EndGlobalSection
	GlobalSection(ExtensibilityGlobals) = postSolution
		SolutionGuid = {D5A7897B-1D3E-47E3-BD4C-EF9CC1471E07}
	EndGlobalSection
EndGlobal
