
Microsoft Visual Studio Solution File, Format Version 12.00
# Visual Studio Version 17
VisualStudioVersion = 17.7.34031.279
MinimumVisualStudioVersion = 10.0.40219.1
Project("{FAE04EC0-301F-11D3-BF4B-00C04F79EFBC}") = "Assignment19TypeConvestion", "Assignment19TypeConvestion\Assignment19TypeConvestion.csproj", "{50479902-0916-4ABD-ADF6-CCF619780F96}"
EndProject
Global
	GlobalSection(SolutionConfigurationPlatforms) = preSolution
		Debug|Any CPU = Debug|Any CPU
		Release|Any CPU = Release|Any CPU
	EndGlobalSection
	GlobalSection(ProjectConfigurationPlatforms) = postSolution
		{50479902-0916-4ABD-ADF6-CCF619780F96}.Debug|Any CPU.ActiveCfg = Debug|Any CPU
		{50479902-0916-4ABD-ADF6-CCF619780F96}.Debug|Any CPU.Build.0 = Debug|Any CPU
		{50479902-0916-4ABD-ADF6-CCF619780F96}.Release|Any CPU.ActiveCfg = Release|Any CPU
		{50479902-0916-4ABD-ADF6-CCF619780F96}.Release|Any CPU.Build.0 = Release|Any CPU
	EndGlobalSection
	GlobalSection(SolutionProperties) = preSolution
		HideSolutionNode = FALSE
	EndGlobalSection
	GlobalSection(ExtensibilityGlobals) = postSolution
		SolutionGuid = {A836D98B-AFF4-4EC5-8229-2809967A95E5}
	EndGlobalSection
EndGlobal
