
Microsoft Visual Studio Solution File, Format Version 12.00
# Visual Studio Version 17
VisualStudioVersion = 17.7.34031.279
MinimumVisualStudioVersion = 10.0.40219.1
Project("{FAE04EC0-301F-11D3-BF4B-00C04F79EFBC}") = "ObjectClassExample", "ObjectClassExample\ObjectClassExample.csproj", "{711A6C22-2982-48A0-9A0B-CC348E75B232}"
EndProject
Project("{FAE04EC0-301F-11D3-BF4B-00C04F79EFBC}") = "ClassLibrary1", "ClassLibrary1\ClassLibrary1.csproj", "{A2D589E7-13FE-4427-B6AB-32E8A9DAAF08}"
EndProject
Global
	GlobalSection(SolutionConfigurationPlatforms) = preSolution
		Debug|Any CPU = Debug|Any CPU
		Release|Any CPU = Release|Any CPU
	EndGlobalSection
	GlobalSection(ProjectConfigurationPlatforms) = postSolution
		{711A6C22-2982-48A0-9A0B-CC348E75B232}.Debug|Any CPU.ActiveCfg = Debug|Any CPU
		{711A6C22-2982-48A0-9A0B-CC348E75B232}.Debug|Any CPU.Build.0 = Debug|Any CPU
		{711A6C22-2982-48A0-9A0B-CC348E75B232}.Release|Any CPU.ActiveCfg = Release|Any CPU
		{711A6C22-2982-48A0-9A0B-CC348E75B232}.Release|Any CPU.Build.0 = Release|Any CPU
		{A2D589E7-13FE-4427-B6AB-32E8A9DAAF08}.Debug|Any CPU.ActiveCfg = Debug|Any CPU
		{A2D589E7-13FE-4427-B6AB-32E8A9DAAF08}.Debug|Any CPU.Build.0 = Debug|Any CPU
		{A2D589E7-13FE-4427-B6AB-32E8A9DAAF08}.Release|Any CPU.ActiveCfg = Release|Any CPU
		{A2D589E7-13FE-4427-B6AB-32E8A9DAAF08}.Release|Any CPU.Build.0 = Release|Any CPU
	EndGlobalSection
	GlobalSection(SolutionProperties) = preSolution
		HideSolutionNode = FALSE
	EndGlobalSection
	GlobalSection(ExtensibilityGlobals) = postSolution
		SolutionGuid = {92FFC70D-92A8-4917-BF80-D462105648AD}
	EndGlobalSection
EndGlobal
