
Microsoft Visual Studio Solution File, Format Version 12.00
# Visual Studio Version 17
VisualStudioVersion = 17.8.34511.84
MinimumVisualStudioVersion = 10.0.40219.1
Project("{FAE04EC0-301F-11D3-BF4B-00C04F79EFBC}") = "OneToOneExample", "OneToOneExample\OneToOneExample.csproj", "{056C838C-641C-4C6C-9E3D-BDBD54389652}"
EndProject
Project("{FAE04EC0-301F-11D3-BF4B-00C04F79EFBC}") = "ClassLibrary1", "ClassLibrary1\ClassLibrary1.csproj", "{773CCA00-5600-4268-83D3-C0BF4674BAF8}"
EndProject
Global
	GlobalSection(SolutionConfigurationPlatforms) = preSolution
		Debug|Any CPU = Debug|Any CPU
		Release|Any CPU = Release|Any CPU
	EndGlobalSection
	GlobalSection(ProjectConfigurationPlatforms) = postSolution
		{056C838C-641C-4C6C-9E3D-BDBD54389652}.Debug|Any CPU.ActiveCfg = Debug|Any CPU
		{056C838C-641C-4C6C-9E3D-BDBD54389652}.Debug|Any CPU.Build.0 = Debug|Any CPU
		{056C838C-641C-4C6C-9E3D-BDBD54389652}.Release|Any CPU.ActiveCfg = Release|Any CPU
		{056C838C-641C-4C6C-9E3D-BDBD54389652}.Release|Any CPU.Build.0 = Release|Any CPU
		{773CCA00-5600-4268-83D3-C0BF4674BAF8}.Debug|Any CPU.ActiveCfg = Debug|Any CPU
		{773CCA00-5600-4268-83D3-C0BF4674BAF8}.Debug|Any CPU.Build.0 = Debug|Any CPU
		{773CCA00-5600-4268-83D3-C0BF4674BAF8}.Release|Any CPU.ActiveCfg = Release|Any CPU
		{773CCA00-5600-4268-83D3-C0BF4674BAF8}.Release|Any CPU.Build.0 = Release|Any CPU
	EndGlobalSection
	GlobalSection(SolutionProperties) = preSolution
		HideSolutionNode = FALSE
	EndGlobalSection
	GlobalSection(ExtensibilityGlobals) = postSolution
		SolutionGuid = {A9AAC777-B176-439A-AED6-73421F0D6FB0}
	EndGlobalSection
EndGlobal
