
Microsoft Visual Studio Solution File, Format Version 12.00
# Visual Studio Version 17
VisualStudioVersion = 17.8.34511.84
MinimumVisualStudioVersion = 10.0.40219.1
Project("{FAE04EC0-301F-11D3-BF4B-00C04F79EFBC}") = "NullReferenceExample", "NullReferenceExample\NullReferenceExample.csproj", "{AC903949-C009-4044-B095-FECA7E9BE123}"
EndProject
Global
	GlobalSection(SolutionConfigurationPlatforms) = preSolution
		Debug|Any CPU = Debug|Any CPU
		Release|Any CPU = Release|Any CPU
	EndGlobalSection
	GlobalSection(ProjectConfigurationPlatforms) = postSolution
		{AC903949-C009-4044-B095-FECA7E9BE123}.Debug|Any CPU.ActiveCfg = Debug|Any CPU
		{AC903949-C009-4044-B095-FECA7E9BE123}.Debug|Any CPU.Build.0 = Debug|Any CPU
		{AC903949-C009-4044-B095-FECA7E9BE123}.Release|Any CPU.ActiveCfg = Release|Any CPU
		{AC903949-C009-4044-B095-FECA7E9BE123}.Release|Any CPU.Build.0 = Release|Any CPU
	EndGlobalSection
	GlobalSection(SolutionProperties) = preSolution
		HideSolutionNode = FALSE
	EndGlobalSection
	GlobalSection(ExtensibilityGlobals) = postSolution
		SolutionGuid = {F477275F-C5A9-4B71-8C6B-6E071443DB78}
	EndGlobalSection
EndGlobal
