
Microsoft Visual Studio Solution File, Format Version 12.00
# Visual Studio Version 17
VisualStudioVersion = 17.7.34031.279
MinimumVisualStudioVersion = 10.0.40219.1
Project("{FAE04EC0-301F-11D3-BF4B-00C04F79EFBC}") = "StaticClassesExample", "StaticClassesExample\StaticClassesExample.csproj", "{1A272A74-6E9B-42AA-B4D9-80ACEE95710D}"
EndProject
Project("{FAE04EC0-301F-11D3-BF4B-00C04F79EFBC}") = "ClassLibrary1", "ClassLibrary1\ClassLibrary1.csproj", "{B8EF47A2-2DA5-4DA2-87B3-471495266510}"
EndProject
Global
	GlobalSection(SolutionConfigurationPlatforms) = preSolution
		Debug|Any CPU = Debug|Any CPU
		Release|Any CPU = Release|Any CPU
	EndGlobalSection
	GlobalSection(ProjectConfigurationPlatforms) = postSolution
		{1A272A74-6E9B-42AA-B4D9-80ACEE95710D}.Debug|Any CPU.ActiveCfg = Debug|Any CPU
		{1A272A74-6E9B-42AA-B4D9-80ACEE95710D}.Debug|Any CPU.Build.0 = Debug|Any CPU
		{1A272A74-6E9B-42AA-B4D9-80ACEE95710D}.Release|Any CPU.ActiveCfg = Release|Any CPU
		{1A272A74-6E9B-42AA-B4D9-80ACEE95710D}.Release|Any CPU.Build.0 = Release|Any CPU
		{B8EF47A2-2DA5-4DA2-87B3-471495266510}.Debug|Any CPU.ActiveCfg = Debug|Any CPU
		{B8EF47A2-2DA5-4DA2-87B3-471495266510}.Debug|Any CPU.Build.0 = Debug|Any CPU
		{B8EF47A2-2DA5-4DA2-87B3-471495266510}.Release|Any CPU.ActiveCfg = Release|Any CPU
		{B8EF47A2-2DA5-4DA2-87B3-471495266510}.Release|Any CPU.Build.0 = Release|Any CPU
	EndGlobalSection
	GlobalSection(SolutionProperties) = preSolution
		HideSolutionNode = FALSE
	EndGlobalSection
	GlobalSection(ExtensibilityGlobals) = postSolution
		SolutionGuid = {E3B6C090-8BB7-4366-A3AD-4D7D8EF2AECF}
	EndGlobalSection
EndGlobal
