
Microsoft Visual Studio Solution File, Format Version 12.00
# Visual Studio Version 17
VisualStudioVersion = 17.9.34723.18
MinimumVisualStudioVersion = 10.0.40219.1
Project("{FAE04EC0-301F-11D3-BF4B-00C04F79EFBC}") = "IComparableExample", "IComparableExample\IComparableExample.csproj", "{29706509-E550-4A3D-92BA-BF97C399C099}"
EndProject
Global
	GlobalSection(SolutionConfigurationPlatforms) = preSolution
		Debug|Any CPU = Debug|Any CPU
		Release|Any CPU = Release|Any CPU
	EndGlobalSection
	GlobalSection(ProjectConfigurationPlatforms) = postSolution
		{29706509-E550-4A3D-92BA-BF97C399C099}.Debug|Any CPU.ActiveCfg = Debug|Any CPU
		{29706509-E550-4A3D-92BA-BF97C399C099}.Debug|Any CPU.Build.0 = Debug|Any CPU
		{29706509-E550-4A3D-92BA-BF97C399C099}.Release|Any CPU.ActiveCfg = Release|Any CPU
		{29706509-E550-4A3D-92BA-BF97C399C099}.Release|Any CPU.Build.0 = Release|Any CPU
	EndGlobalSection
	GlobalSection(SolutionProperties) = preSolution
		HideSolutionNode = FALSE
	EndGlobalSection
	GlobalSection(ExtensibilityGlobals) = postSolution
		SolutionGuid = {D46AAEDE-CA25-49A0-A9E4-E5ADABF189D3}
	EndGlobalSection
EndGlobal
